
Microsoft Visual Studio Solution File, Format Version 12.00
# Visual Studio Version 16
VisualStudioVersion = 16.0.30309.148
MinimumVisualStudioVersion = 10.0.40219.1
Project("{8BC9CEB8-8B4A-11D0-8D11-00A0C91BC942}") = "Qtcode1212", "Qtcode1212.vcxproj", "{035AC11F-971D-4E8A-A4EA-80BB08AECB32}"
EndProject
Global
	GlobalSection(SolutionConfigurationPlatforms) = preSolution
		Debug|x64 = Debug|x64
		Release|x64 = Release|x64
	EndGlobalSection
	GlobalSection(ProjectConfigurationPlatforms) = postSolution
		{035AC11F-971D-4E8A-A4EA-80BB08AECB32}.Debug|x64.ActiveCfg = Debug|x64
		{035AC11F-971D-4E8A-A4EA-80BB08AECB32}.Debug|x64.Build.0 = Debug|x64
		{035AC11F-971D-4E8A-A4EA-80BB08AECB32}.Release|x64.ActiveCfg = Release|x64
		{035AC11F-971D-4E8A-A4EA-80BB08AECB32}.Release|x64.Build.0 = Release|x64
	EndGlobalSection
	GlobalSection(SolutionProperties) = preSolution
		HideSolutionNode = FALSE
	EndGlobalSection
	GlobalSection(ExtensibilityGlobals) = postSolution
		SolutionGuid = {FCD8A795-A6C5-4386-A34B-A72FDA5B29B4}
	EndGlobalSection
EndGlobal
